version = 1
revision = 2
requires-python = ">=3.11"

[[package]]
name = "evdev"
version = "1.9.2"
source = { registry = "https://pypi.org/simple" }
sdist = { url = "https://files.pythonhosted.org/packages/63/fe/a17c106a1f4061ce83f04d14bcedcfb2c38c7793ea56bfb906a6fadae8cb/evdev-1.9.2.tar.gz", hash = "sha256:5d3278892ce1f92a74d6bf888cc8525d9f68af85dbe336c95d1c87fb8f423069", size = 33301, upload-time = "2025-05-01T19:53:47.69Z" }

[[package]]
name = "genshin-dialogue-autoskip-main"
version = "0.1.0"
source = { virtual = "." }
dependencies = [
    { name = "pyautogui" },
    { name = "pynput" },
    { name = "pypiwin32" },
    { name = "pyscreeze" },
    { name = "python-dotenv" },
]

[package.metadata]
requires-dist = [
    { name = "pyautogui", specifier = "==0.9.54" },
    { name = "pynput", specifier = "==1.7.6" },
    { name = "pypiwin32", specifier = "==223" },
    { name = "pyscreeze", specifier = "==0.1.28" },
    { name = "python-dotenv", specifier = "==1.0.0" },
]

[[package]]
name = "mouseinfo"
version = "0.1.3"
source = { registry = "https://pypi.org/simple" }
dependencies = [
    { name = "pyperclip" },
    { name = "python3-xlib", marker = "sys_platform == 'linux'" },
    { name = "rubicon-objc", marker = "sys_platform == 'darwin'" },
]
sdist = { url = "https://files.pythonhosted.org/packages/28/fa/b2ba8229b9381e8f6381c1dcae6f4159a7f72349e414ed19cfbbd1817173/MouseInfo-0.1.3.tar.gz", hash = "sha256:2c62fb8885062b8e520a3cce0a297c657adcc08c60952eb05bc8256ef6f7f6e7", size = 10850, upload-time = "2020-03-27T21:20:10.136Z" }

[[package]]
name = "pyautogui"
version = "0.9.54"
source = { registry = "https://pypi.org/simple" }
dependencies = [
    { name = "mouseinfo" },
    { name = "pygetwindow" },
    { name = "pymsgbox" },
    { name = "pyobjc-core", marker = "sys_platform == 'darwin'" },
    { name = "pyobjc-framework-quartz", marker = "sys_platform == 'darwin'" },
    { name = "pyscreeze" },
    { name = "python3-xlib", marker = "sys_platform == 'linux'" },
    { name = "pytweening" },
]
sdist = { url = "https://files.pythonhosted.org/packages/65/ff/cdae0a8c2118a0de74b6cf4cbcdcaf8fd25857e6c3f205ce4b1794b27814/PyAutoGUI-0.9.54.tar.gz", hash = "sha256:dd1d29e8fd118941cb193f74df57e5c6ff8e9253b99c7b04f39cfc69f3ae04b2", size = 61236, upload-time = "2023-05-24T20:11:32.972Z" }

[[package]]
name = "pygetwindow"
version = "0.0.9"
source = { registry = "https://pypi.org/simple" }
dependencies = [
    { name = "pyrect" },
]
sdist = { url = "https://files.pythonhosted.org/packages/e1/70/c7a4f46dbf06048c6d57d9489b8e0f9c4c3d36b7479f03c5ca97eaa2541d/PyGetWindow-0.0.9.tar.gz", hash = "sha256:17894355e7d2b305cd832d717708384017c1698a90ce24f6f7fbf0242dd0a688", size = 9699, upload-time = "2020-10-04T02:12:50.806Z" }

[[package]]
name = "pymsgbox"
version = "2.0.1"
source = { registry = "https://pypi.org/simple" }
sdist = { url = "https://files.pythonhosted.org/packages/ae/6a/e80da7594ee598a776972d09e2813df2b06b3bc29218f440631dfa7c78a8/pymsgbox-2.0.1.tar.gz", hash = "sha256:98d055c49a511dcc10fa08c3043e7102d468f5e4b3a83c6d3c61df722c7d798d", size = 20768, upload-time = "2025-09-09T00:38:56.863Z" }
wheels = [
    { url = "https://files.pythonhosted.org/packages/6f/3e/08c8cac81b2b2f7502746e6b9c8e5b0ec6432cd882c605560fc409aaf087/pymsgbox-2.0.1-py3-none-any.whl", hash = "sha256:5de8ec19bca2ca7e6c09d39c817c83f17c75cee80275235f43a9931db699f73b", size = 9994, upload-time = "2025-09-09T00:38:55.672Z" },
]

[[package]]
name = "pynput"
version = "1.7.6"
source = { registry = "https://pypi.org/simple" }
dependencies = [
    { name = "evdev", marker = "'linux' in sys_platform" },
    { name = "pyobjc-framework-applicationservices", marker = "sys_platform == 'darwin'" },
    { name = "pyobjc-framework-quartz", marker = "sys_platform == 'darwin'" },
    { name = "python-xlib", marker = "'linux' in sys_platform" },
    { name = "six" },
]
sdist = { url = "https://files.pythonhosted.org/packages/d7/74/a231bca942b1cd9c4bb707788be325a61d26c7998bd25e88dc510d4b55c7/pynput-1.7.6.tar.gz", hash = "sha256:3a5726546da54116b687785d38b1db56997ce1d28e53e8d22fc656d8b92e533c", size = 79501, upload-time = "2022-01-01T19:57:57.552Z" }
wheels = [
    { url = "https://files.pythonhosted.org/packages/02/27/4de87850ff87c8dcecaaf8d27f28cec89ef17eeb6938f250449cb2635e06/pynput-1.7.6-py2.py3-none-any.whl", hash = "sha256:19861b2a0c430d646489852f89500e0c9332e295f2c020e7c2775e7046aa2e2f", size = 89222, upload-time = "2022-01-01T19:57:53.063Z" },
]

[[package]]
name = "pyobjc-core"
version = "12.0"
source = { registry = "https://pypi.org/simple" }
sdist = { url = "https://files.pythonhosted.org/packages/ab/dc/6d63019133e39e2b299dfbab786e64997fff0f145c45a417e1dd51faaf3f/pyobjc_core-12.0.tar.gz", hash = "sha256:7e05c805a776149a937b61b892a0459895d32d9002bedc95ce2be31ef1e37a29", size = 991669, upload-time = "2025-10-21T08:26:07.496Z" }
wheels = [
    { url = "https://files.pythonhosted.org/packages/84/c1/c50e312d32644429d8a9bb3a342aeeb772fba85f9573e7681ca458124a8f/pyobjc_core-12.0-cp311-cp311-macosx_10_9_universal2.whl", hash = "sha256:dd4962aceb0f9a0ee510e11ced449323db85e42664ac9ade53ad1cc2394dc248", size = 673921, upload-time = "2025-10-21T07:50:09.974Z" },
    { url = "https://files.pythonhosted.org/packages/38/95/1acf3be6a8ae457a26e8ff6e08aeb71af49bfc79303b331067c058d448a4/pyobjc_core-12.0-cp312-cp312-macosx_10_13_universal2.whl", hash = "sha256:1675dbb700b6bb6e3f3c9ce3f5401947e0193e16085eeb70e9160c6c6fc1ace5", size = 681179, upload-time = "2025-10-21T07:50:40.094Z" },
    { url = "https://files.pythonhosted.org/packages/88/17/6c247bf9d8de2813f6015671f242333534797e81bdac9e85516fb57dfb00/pyobjc_core-12.0-cp313-cp313-macosx_10_13_universal2.whl", hash = "sha256:c44b76d8306a130c9eb0cb79d86fd6675c8ba3e5b458e78095d271a10cd38b6a", size = 679700, upload-time = "2025-10-21T07:51:09.518Z" },
    { url = "https://files.pythonhosted.org/packages/08/a3/1b26c438c78821e5a82b9c02f7b19a86097aeb2c51132d06e159acc22dc2/pyobjc_core-12.0-cp313-cp313t-macosx_10_13_universal2.whl", hash = "sha256:5c617551e0ab860c49229fcec0135a5cde702485f22254ddc17205eb24b7fc55", size = 721370, upload-time = "2025-10-21T07:51:55.981Z" },
    { url = "https://files.pythonhosted.org/packages/35/b1/6df7d4b0d9f0088855a59f6af59230d1191f78fa84ca68851723272f1916/pyobjc_core-12.0-cp314-cp314-macosx_10_15_universal2.whl", hash = "sha256:c2709ff43ac5c2e9e2c574ae515d3aa0e470345847a4d96c5d4a04b1b86e966d", size = 672302, upload-time = "2025-10-21T07:52:39.445Z" },
    { url = "https://files.pythonhosted.org/packages/f8/10/3a029797c0a22c730ee0d0149ac34ab27afdf51667f96aa23a8ebe7dc3c9/pyobjc_core-12.0-cp314-cp314t-macosx_10_15_universal2.whl", hash = "sha256:eb6b987e53291e7cafd8f71a80a2dd44d7afec4202a143a3e47b75cb9cdb5716", size = 713255, upload-time = "2025-10-21T07:53:25.478Z" },
]

[[package]]
name = "pyobjc-framework-applicationservices"
version = "12.0"
source = { registry = "https://pypi.org/simple" }
dependencies = [
    { name = "pyobjc-core" },
    { name = "pyobjc-framework-cocoa" },
    { name = "pyobjc-framework-coretext" },
    { name = "pyobjc-framework-quartz" },
]
sdist = { url = "https://files.pythonhosted.org/packages/8c/79/0b7a00bcc7561c816281382c933a46aa7a90acca48b942054b7d32d0caf7/pyobjc_framework_applicationservices-12.0.tar.gz", hash = "sha256:eabbf6c57573158714aa656e5d0112330a87692db336aae7e94e216db89e93be", size = 103595, upload-time = "2025-10-21T08:26:32.651Z" }
wheels = [
    { url = "https://files.pythonhosted.org/packages/51/ba/62e7bfce26b1f742a4b6f204a77d807e14766ceb3c6b9f702be6de3f9b38/pyobjc_framework_applicationservices-12.0-cp311-cp311-macosx_10_9_universal2.whl", hash = "sha256:5d9684f53b42d534fd67a23a9958c53bf6c738e7b478fa3a87263865a013f287", size = 32799, upload-time = "2025-10-21T07:54:08.913Z" },
    { url = "https://files.pythonhosted.org/packages/74/3a/3db8a9bdd895781d67eeb096064944b36e0fb48caded27b62ec499b78a2b/pyobjc_framework_applicationservices-12.0-cp312-cp312-macosx_10_13_universal2.whl", hash = "sha256:e1a89cd9da992a07497d93931edc6469cc53c39dc0ab47b62eaa4d10204c37c6", size = 32850, upload-time = "2025-10-21T07:54:12.003Z" },
    { url = "https://files.pythonhosted.org/packages/9b/cf/ae603c46217c04ec7598c62a2d46fa9b6ab66e127148bff1f352b850fc72/pyobjc_framework_applicationservices-12.0-cp313-cp313-macosx_10_13_universal2.whl", hash = "sha256:9ff39c0301f2430253fbfea114afb00594426e0b66a1bec1c28cd60f75d02005", size = 32871, upload-time = "2025-10-21T07:54:15.33Z" },
    { url = "https://files.pythonhosted.org/packages/c6/79/a578c8b1aa8634c2c9f8bbd66a3cdc385013a4cd9558741a4da26c040e51/pyobjc_framework_applicationservices-12.0-cp313-cp313t-macosx_10_13_universal2.whl", hash = "sha256:ecd7651ab330790722f3590465392dbab3d76be0370ff7e015584053d571e218", size = 33132, upload-time = "2025-10-21T07:54:18.388Z" },
    { url = "https://files.pythonhosted.org/packages/ce/8b/336788981a3c1aa00e75d021a5ed00e453587da1eee0d55bb8b674f2b623/pyobjc_framework_applicationservices-12.0-cp314-cp314-macosx_10_15_universal2.whl", hash = "sha256:b153a0b8e915751ca50651be6f9fe002ef7536677f5c37a4dff0f3fd98e5b16a", size = 33007, upload-time = "2025-10-21T07:54:21.971Z" },
    { url = "https://files.pythonhosted.org/packages/a8/50/0e300544e8204d02b4a0477fa157e904921c98b15f67e19b4a49a80f02c9/pyobjc_framework_applicationservices-12.0-cp314-cp314t-macosx_10_15_universal2.whl", hash = "sha256:56f8fabdc3972fc9a97630b24c31d8b852502c3273071ab3d3b467cc5e7c6431", size = 33250, upload-time = "2025-10-21T07:54:25.395Z" },
]

[[package]]
name = "pyobjc-framework-cocoa"
version = "12.0"
source = { registry = "https://pypi.org/simple" }
dependencies = [
    { name = "pyobjc-core" },
]
sdist = { url = "https://files.pythonhosted.org/packages/37/6f/89837da349fe7de6476c426f118096b147de923139556d98af1832c64b97/pyobjc_framework_cocoa-12.0.tar.gz", hash = "sha256:02d69305b698015a20fcc8e1296e1528e413d8cf9fdcd590478d359386d76e8a", size = 2771906, upload-time = "2025-10-21T08:30:51.765Z" }
wheels = [
    { url = "https://files.pythonhosted.org/packages/8d/7d/1758df5c2cbf9a0a447cab7e9e5690f166c8b2117dc15d8f38a9526af9db/pyobjc_framework_cocoa-12.0-cp311-cp311-macosx_10_9_universal2.whl", hash = "sha256:ae041b7c64a8fa93f0e06728681f7ad657ef2c92dcfdf8abc073d89fb6e3910b", size = 383765, upload-time = "2025-10-21T07:58:44.189Z" },
    { url = "https://files.pythonhosted.org/packages/18/76/ee7a07e64f7afeff36bf2efe66caed93e41fcaa2b23fc89c4746387e4a0d/pyobjc_framework_cocoa-12.0-cp312-cp312-macosx_10_13_universal2.whl", hash = "sha256:ed99d53a91f9feb9452ba8942cd09d86727f6dd2d56ecfd9b885ddbd4259ebdd", size = 384540, upload-time = "2025-10-21T07:59:09.299Z" },
    { url = "https://files.pythonhosted.org/packages/fb/29/cfef5f021576976698c6ae195fa304238b9f6716e1b3eb11258d2572afe9/pyobjc_framework_cocoa-12.0-cp313-cp313-macosx_10_13_universal2.whl", hash = "sha256:13e573f5093f4158f305b1bac5e1f783881ce2f5f4a69f3c80cb000f76731259", size = 384659, upload-time = "2025-10-21T07:59:34.859Z" },
    { url = "https://files.pythonhosted.org/packages/f1/37/d2d9a143ab5387815a00f478916a52425c4792678366ef6cedf20b8cc9cd/pyobjc_framework_cocoa-12.0-cp313-cp313t-macosx_10_13_universal2.whl", hash = "sha256:3b167793cd1b509eaf693140ace9be1f827a2c8686fceb8c599907661f608bc2", size = 388787, upload-time = "2025-10-21T08:00:00.006Z" },
    { url = "https://files.pythonhosted.org/packages/0f/15/0a6122e430d0e2ba27ad0e345b89f85346805f39d6f97eea6430a74350d9/pyobjc_framework_cocoa-12.0-cp314-cp314-macosx_10_15_universal2.whl", hash = "sha256:a2b6fb9ab3e5ab6db04dfa17828a97894e7da85dd8600885c72a0c2c2214d618", size = 384890, upload-time = "2025-10-21T08:00:25.286Z" },
    { url = "https://files.pythonhosted.org/packages/79/d7/1a3ad814d427c08b99405e571e47a0219598930ad73850ac02d164d88cd0/pyobjc_framework_cocoa-12.0-cp314-cp314t-macosx_10_15_universal2.whl", hash = "sha256:32ff10250a57f72a0b6eca85b790dcc87548ff71d33d0436ffb69680d5e2f308", size = 388925, upload-time = "2025-10-21T08:00:47.309Z" },
]

[[package]]
name = "pyobjc-framework-coretext"
version = "12.0"
source = { registry = "https://pypi.org/simple" }
dependencies = [
    { name = "pyobjc-core" },
    { name = "pyobjc-framework-cocoa" },
    { name = "pyobjc-framework-quartz" },
]
sdist = { url = "https://files.pythonhosted.org/packages/b1/36/32ec183e555b73152d7813f6f7c277fd018440f70a1f142bd75b04946089/pyobjc_framework_coretext-12.0.tar.gz", hash = "sha256:8cc0c7dd2b7e68ad1c760784e422722550c77cbdbd60eb455170ec444ca1cfd2", size = 90546, upload-time = "2025-10-21T08:32:31.291Z" }
wheels = [
    { url = "https://files.pythonhosted.org/packages/31/b2/55fd3dce67223e799d862a62f2b8228836e3921dbf58a2fba939ecf605e1/pyobjc_framework_coretext-12.0-cp311-cp311-macosx_10_9_universal2.whl", hash = "sha256:681b6276e1b14b79a8de2ba25dd2406fa88b147a55775e19bf0a2dd32f23c143", size = 30001, upload-time = "2025-10-21T08:04:51.101Z" },
    { url = "https://files.pythonhosted.org/packages/40/7e/146d609f67784b184f9d0d178d57be4f9e0542ea73201c2f0d5a6d4341b2/pyobjc_framework_coretext-12.0-cp312-cp312-macosx_10_13_universal2.whl", hash = "sha256:a17dfb9366ce16be7da3d42c14e67bcd230a90cafada2249110e237e8ce1d114", size = 30118, upload-time = "2025-10-21T08:04:54.428Z" },
    { url = "https://files.pythonhosted.org/packages/30/64/31da2b1236c710b963510fc03008ebe607d03e2c0288467db9bf9f297873/pyobjc_framework_coretext-12.0-cp313-cp313-macosx_10_13_universal2.whl", hash = "sha256:ecd424cf6da1a69cad40ef4007bc5af842ccb7456c5fcc4c9aded40e3e0c22ba", size = 30119, upload-time = "2025-10-21T08:04:57.402Z" },
    { url = "https://files.pythonhosted.org/packages/21/1d/d23fa47ffb6ad32e26a58e357619b5564b4f6e421a839d12961cce521c8f/pyobjc_framework_coretext-12.0-cp313-cp313t-macosx_10_13_universal2.whl", hash = "sha256:60e84e46e0aeb12101a4354c39ce84066107773b0c96fdc4ff15fd1662dc88d8", size = 30702, upload-time = "2025-10-21T08:05:00.387Z" },
    { url = "https://files.pythonhosted.org/packages/07/e4/96caefd91817d0f82aaae089e4421cbbef2a216933b5c98435ee2927fbef/pyobjc_framework_coretext-12.0-cp314-cp314-macosx_10_15_universal2.whl", hash = "sha256:6ecf89af6de87072f1615fb89d7ed51b345000850a9b827774f262bf6be5acac", size = 30104, upload-time = "2025-10-21T08:05:03.331Z" },
    { url = "https://files.pythonhosted.org/packages/e5/b5/9152c1a2d8a6fb06d48a36d95b5bb919e820a2f623ca8313ab5eba263be0/pyobjc_framework_coretext-12.0-cp314-cp314t-macosx_10_15_universal2.whl", hash = "sha256:ddc34c91d16a653db81963141d29f8fc82550fc7a39ed39ff0332764d844ffe1", size = 30714, upload-time = "2025-10-21T08:05:07.092Z" },
]

[[package]]
name = "pyobjc-framework-quartz"
version = "12.0"
source = { registry = "https://pypi.org/simple" }
dependencies = [
    { name = "pyobjc-core" },
    { name = "pyobjc-framework-cocoa" },
]
sdist = { url = "https://files.pythonhosted.org/packages/91/0b/3c34fc9de790daff5ca49d1f36cb8dcc353ac10e4e29b4759e397a3831f4/pyobjc_framework_quartz-12.0.tar.gz", hash = "sha256:5bcb9e78d671447e04d89e2e3c39f3135157892243facc5f8468aa333e40d67f", size = 3159509, upload-time = "2025-10-21T08:40:01.918Z" }
wheels = [
    { url = "https://files.pythonhosted.org/packages/b8/ed/13207ed99bd672a681cad3435512ab4e3217dd0cdc991c16a074ef6e7e95/pyobjc_framework_quartz-12.0-cp311-cp311-macosx_10_9_universal2.whl", hash = "sha256:6098bdb5db5837ecf6cf57f775efa9e5ce7c31f6452e4c4393de2198f5a3b06b", size = 217787, upload-time = "2025-10-21T08:17:29.353Z" },
    { url = "https://files.pythonhosted.org/packages/1c/76/2d7e6b0e2eb42b9a17b65c92575693f9d364b832e069024123742b54caa5/pyobjc_framework_quartz-12.0-cp312-cp312-macosx_10_13_universal2.whl", hash = "sha256:cb6818cbeea55e8b85c3347bb8acaf6f46ebb2c241ae4eb76ba1358c68f3ec5c", size = 218816, upload-time = "2025-10-21T08:17:44.316Z" },
    { url = "https://files.pythonhosted.org/packages/60/d8/05f8fb5f27af69c0b5a9802f220a7c00bbe595c790e13edefa042603b957/pyobjc_framework_quartz-12.0-cp313-cp313-macosx_10_13_universal2.whl", hash = "sha256:ece7a05aa2bfc3aa215f1a7c8580e873f3867ba40d0006469618cc2ceb796578", size = 219201, upload-time = "2025-10-21T08:17:59.277Z" },
    { url = "https://files.pythonhosted.org/packages/7e/3f/1228f86de266874e20c04f04736a5f11c5a29a1839efde594ba4097d0255/pyobjc_framework_quartz-12.0-cp313-cp313t-macosx_10_13_universal2.whl", hash = "sha256:f1b2e34f6f0dd023f80a0e875af4dab0ad27fccac239da9ad3d311a2d2578e27", size = 224330, upload-time = "2025-10-21T08:18:14.776Z" },
    { url = "https://files.pythonhosted.org/packages/8a/23/ec1804bd10c409fe98ba086329569914fd10b6814208ca6168e81ca0ec1a/pyobjc_framework_quartz-12.0-cp314-cp314-macosx_10_15_universal2.whl", hash = "sha256:a2cde43ddc5d2a9ace13af38b4a9ee70dbd47d1707ec6b7185a1a3a1d48e54f9", size = 219581, upload-time = "2025-10-21T08:18:30.219Z" },
    { url = "https://files.pythonhosted.org/packages/86/c2/cf89fda2e477c0c4e2a8aae86202c2891a83bead24e8a7fc733ff490dffc/pyobjc_framework_quartz-12.0-cp314-cp314t-macosx_10_15_universal2.whl", hash = "sha256:9b928d551ec779141558d986684c19f8f5742251721f440d7087257e4e35b22b", size = 224613, upload-time = "2025-10-21T08:18:45.39Z" },
]

[[package]]
name = "pyperclip"
version = "1.11.0"
source = { registry = "https://pypi.org/simple" }
sdist = { url = "https://files.pythonhosted.org/packages/e8/52/d87eba7cb129b81563019d1679026e7a112ef76855d6159d24754dbd2a51/pyperclip-1.11.0.tar.gz", hash = "sha256:244035963e4428530d9e3a6101a1ef97209c6825edab1567beac148ccc1db1b6", size = 12185, upload-time = "2025-09-26T14:40:37.245Z" }
wheels = [
    { url = "https://files.pythonhosted.org/packages/df/80/fc9d01d5ed37ba4c42ca2b55b4339ae6e200b456be3a1aaddf4a9fa99b8c/pyperclip-1.11.0-py3-none-any.whl", hash = "sha256:299403e9ff44581cb9ba2ffeed69c7aa96a008622ad0c46cb575ca75b5b84273", size = 11063, upload-time = "2025-09-26T14:40:36.069Z" },
]

[[package]]
name = "pypiwin32"
version = "223"
source = { registry = "https://pypi.org/simple" }
dependencies = [
    { name = "pywin32" },
]
sdist = { url = "https://files.pythonhosted.org/packages/13/e8/4f38eb30c4dae36634a53c5b2cd73b517ea3607e10d00f61f2494449cec0/pypiwin32-223.tar.gz", hash = "sha256:71be40c1fbd28594214ecaecb58e7aa8b708eabfa0125c8a109ebd51edbd776a", size = 622, upload-time = "2018-02-26T00:43:23.994Z" }
wheels = [
    { url = "https://files.pythonhosted.org/packages/d0/1b/2f292bbd742e369a100c91faa0483172cd91a1a422a6692055ac920946c5/pypiwin32-223-py3-none-any.whl", hash = "sha256:67adf399debc1d5d14dffc1ab5acacb800da569754fafdc576b2a039485aa775", size = 1674, upload-time = "2018-02-26T00:43:23.108Z" },
]

[[package]]
name = "pyrect"
version = "0.2.0"
source = { registry = "https://pypi.org/simple" }
sdist = { url = "https://files.pythonhosted.org/packages/cb/04/2ba023d5f771b645f7be0c281cdacdcd939fe13d1deb331fc5ed1a6b3a98/PyRect-0.2.0.tar.gz", hash = "sha256:f65155f6df9b929b67caffbd57c0947c5ae5449d3b580d178074bffb47a09b78", size = 17219, upload-time = "2022-03-16T04:45:52.36Z" }

[[package]]
name = "pyscreeze"
version = "0.1.28"
source = { registry = "https://pypi.org/simple" }
sdist = { url = "https://files.pythonhosted.org/packages/75/23/3edc5ee974fb3994a38095056483b5d4b82b32a81f029e8085a4b4c05317/PyScreeze-0.1.28.tar.gz", hash = "sha256:4428600ed19b30cd3f4b5d83767d198fc1dbae7439eecf9bd795445c009b67ae", size = 25547, upload-time = "2021-09-14T04:15:09.226Z" }

[[package]]
name = "python-dotenv"
version = "1.0.0"
source = { registry = "https://pypi.org/simple" }
sdist = { url = "https://files.pythonhosted.org/packages/31/06/1ef763af20d0572c032fa22882cfbfb005fba6e7300715a37840858c919e/python-dotenv-1.0.0.tar.gz", hash = "sha256:a8df96034aae6d2d50a4ebe8216326c61c3eb64836776504fcca410e5937a3ba", size = 37399, upload-time = "2023-02-24T06:46:37.282Z" }
wheels = [
    { url = "https://files.pythonhosted.org/packages/44/2f/62ea1c8b593f4e093cc1a7768f0d46112107e790c3e478532329e434f00b/python_dotenv-1.0.0-py3-none-any.whl", hash = "sha256:f5971a9226b701070a4bf2c38c89e5a3f0d64de8debda981d1db98583009122a", size = 19482, upload-time = "2023-02-24T06:46:36.009Z" },
]

[[package]]
name = "python-xlib"
version = "0.33"
source = { registry = "https://pypi.org/simple" }
dependencies = [
    { name = "six" },
]
sdist = { url = "https://files.pythonhosted.org/packages/86/f5/8c0653e5bb54e0cbdfe27bf32d41f27bc4e12faa8742778c17f2a71be2c0/python-xlib-0.33.tar.gz", hash = "sha256:55af7906a2c75ce6cb280a584776080602444f75815a7aff4d287bb2d7018b32", size = 269068, upload-time = "2022-12-25T18:53:00.824Z" }
wheels = [
    { url = "https://files.pythonhosted.org/packages/fc/b8/ff33610932e0ee81ae7f1269c890f697d56ff74b9f5b2ee5d9b7fa2c5355/python_xlib-0.33-py2.py3-none-any.whl", hash = "sha256:c3534038d42e0df2f1392a1b30a15a4ff5fdc2b86cfa94f072bf11b10a164398", size = 182185, upload-time = "2022-12-25T18:52:58.662Z" },
]

[[package]]
name = "python3-xlib"
version = "0.15"
source = { registry = "https://pypi.org/simple" }
sdist = { url = "https://files.pythonhosted.org/packages/ef/c6/2c5999de3bb1533521f1101e8fe56fd9c266732f4d48011c7c69b29d12ae/python3-xlib-0.15.tar.gz", hash = "sha256:dc4245f3ae4aa5949c1d112ee4723901ade37a96721ba9645f2bfa56e5b383f8", size = 132828, upload-time = "2014-05-31T12:28:59.603Z" }

[[package]]
name = "pytweening"
version = "1.2.0"
source = { registry = "https://pypi.org/simple" }
sdist = { url = "https://files.pythonhosted.org/packages/79/0c/c16bc93ac2755bac0066a8ecbd2a2931a1735a6fffd99a2b9681c7e83e90/pytweening-1.2.0.tar.gz", hash = "sha256:243318b7736698066c5f362ec5c2b6434ecf4297c3c8e7caa8abfe6af4cac71b", size = 171241, upload-time = "2024-02-20T03:37:56.809Z" }

[[package]]
name = "pywin32"
version = "311"
source = { registry = "https://pypi.org/simple" }
wheels = [
    { url = "https://files.pythonhosted.org/packages/7c/af/449a6a91e5d6db51420875c54f6aff7c97a86a3b13a0b4f1a5c13b988de3/pywin32-311-cp311-cp311-win32.whl", hash = "sha256:184eb5e436dea364dcd3d2316d577d625c0351bf237c4e9a5fabbcfa5a58b151", size = 8697031, upload-time = "2025-07-14T20:13:13.266Z" },
    { url = "https://files.pythonhosted.org/packages/51/8f/9bb81dd5bb77d22243d33c8397f09377056d5c687aa6d4042bea7fbf8364/pywin32-311-cp311-cp311-win_amd64.whl", hash = "sha256:3ce80b34b22b17ccbd937a6e78e7225d80c52f5ab9940fe0506a1a16f3dab503", size = 9508308, upload-time = "2025-07-14T20:13:15.147Z" },
    { url = "https://files.pythonhosted.org/packages/44/7b/9c2ab54f74a138c491aba1b1cd0795ba61f144c711daea84a88b63dc0f6c/pywin32-311-cp311-cp311-win_arm64.whl", hash = "sha256:a733f1388e1a842abb67ffa8e7aad0e70ac519e09b0f6a784e65a136ec7cefd2", size = 8703930, upload-time = "2025-07-14T20:13:16.945Z" },
    { url = "https://files.pythonhosted.org/packages/e7/ab/01ea1943d4eba0f850c3c61e78e8dd59757ff815ff3ccd0a84de5f541f42/pywin32-311-cp312-cp312-win32.whl", hash = "sha256:750ec6e621af2b948540032557b10a2d43b0cee2ae9758c54154d711cc852d31", size = 8706543, upload-time = "2025-07-14T20:13:20.765Z" },
    { url = "https://files.pythonhosted.org/packages/d1/a8/a0e8d07d4d051ec7502cd58b291ec98dcc0c3fff027caad0470b72cfcc2f/pywin32-311-cp312-cp312-win_amd64.whl", hash = "sha256:b8c095edad5c211ff31c05223658e71bf7116daa0ecf3ad85f3201ea3190d067", size = 9495040, upload-time = "2025-07-14T20:13:22.543Z" },
    { url = "https://files.pythonhosted.org/packages/ba/3a/2ae996277b4b50f17d61f0603efd8253cb2d79cc7ae159468007b586396d/pywin32-311-cp312-cp312-win_arm64.whl", hash = "sha256:e286f46a9a39c4a18b319c28f59b61de793654af2f395c102b4f819e584b5852", size = 8710102, upload-time = "2025-07-14T20:13:24.682Z" },
    { url = "https://files.pythonhosted.org/packages/a5/be/3fd5de0979fcb3994bfee0d65ed8ca9506a8a1260651b86174f6a86f52b3/pywin32-311-cp313-cp313-win32.whl", hash = "sha256:f95ba5a847cba10dd8c4d8fefa9f2a6cf283b8b88ed6178fa8a6c1ab16054d0d", size = 8705700, upload-time = "2025-07-14T20:13:26.471Z" },
    { url = "https://files.pythonhosted.org/packages/e3/28/e0a1909523c6890208295a29e05c2adb2126364e289826c0a8bc7297bd5c/pywin32-311-cp313-cp313-win_amd64.whl", hash = "sha256:718a38f7e5b058e76aee1c56ddd06908116d35147e133427e59a3983f703a20d", size = 9494700, upload-time = "2025-07-14T20:13:28.243Z" },
    { url = "https://files.pythonhosted.org/packages/04/bf/90339ac0f55726dce7d794e6d79a18a91265bdf3aa70b6b9ca52f35e022a/pywin32-311-cp313-cp313-win_arm64.whl", hash = "sha256:7b4075d959648406202d92a2310cb990fea19b535c7f4a78d3f5e10b926eeb8a", size = 8709318, upload-time = "2025-07-14T20:13:30.348Z" },
    { url = "https://files.pythonhosted.org/packages/c9/31/097f2e132c4f16d99a22bfb777e0fd88bd8e1c634304e102f313af69ace5/pywin32-311-cp314-cp314-win32.whl", hash = "sha256:b7a2c10b93f8986666d0c803ee19b5990885872a7de910fc460f9b0c2fbf92ee", size = 8840714, upload-time = "2025-07-14T20:13:32.449Z" },
    { url = "https://files.pythonhosted.org/packages/90/4b/07c77d8ba0e01349358082713400435347df8426208171ce297da32c313d/pywin32-311-cp314-cp314-win_amd64.whl", hash = "sha256:3aca44c046bd2ed8c90de9cb8427f581c479e594e99b5c0bb19b29c10fd6cb87", size = 9656800, upload-time = "2025-07-14T20:13:34.312Z" },
    { url = "https://files.pythonhosted.org/packages/c0/d2/21af5c535501a7233e734b8af901574572da66fcc254cb35d0609c9080dd/pywin32-311-cp314-cp314-win_arm64.whl", hash = "sha256:a508e2d9025764a8270f93111a970e1d0fbfc33f4153b388bb649b7eec4f9b42", size = 8932540, upload-time = "2025-07-14T20:13:36.379Z" },
]

[[package]]
name = "rubicon-objc"
version = "0.5.2"
source = { registry = "https://pypi.org/simple" }
sdist = { url = "https://files.pythonhosted.org/packages/a7/2f/612049b8601e810080f63f4b85acbf2ed0784349088d3c944eb288e1d487/rubicon_objc-0.5.2.tar.gz", hash = "sha256:1180593935f6a8a39c23b5f4b7baa24aedf9f7285e80804a1d9d6b50a50572f5", size = 175710, upload-time = "2025-08-07T06:12:25.194Z" }
wheels = [
    { url = "https://files.pythonhosted.org/packages/9f/a4/11ad29100060af56408ed084dca76a16d2ce8eb31b75081bfc0eec45d755/rubicon_objc-0.5.2-py3-none-any.whl", hash = "sha256:829b253c579e51fc34f4bb6587c34806e78960dcc1eb24e62b38141a1fe02b39", size = 63512, upload-time = "2025-08-07T06:12:23.766Z" },
]

[[package]]
name = "six"
version = "1.17.0"
source = { registry = "https://pypi.org/simple" }
sdist = { url = "https://files.pythonhosted.org/packages/94/e7/b2c673351809dca68a0e064b6af791aa332cf192da575fd474ed7d6f16a2/six-1.17.0.tar.gz", hash = "sha256:ff70335d468e7eb6ec65b95b99d3a2836546063f63acc5171de367e834932a81", size = 34031, upload-time = "2024-12-04T17:35:28.174Z" }
wheels = [
    { url = "https://files.pythonhosted.org/packages/b7/ce/149a00dd41f10bc29e5921b496af8b574d8413afcd5e30dfa0ed46c2cc5e/six-1.17.0-py2.py3-none-any.whl", hash = "sha256:4721f391ed90541fddacab5acf947aa0d3dc7d27b2e1e8eda2be8970586c3274", size = 11050, upload-time = "2024-12-04T17:35:26.475Z" },
]
